
Microsoft Visual Studio Solution File, Format Version 12.00
# Visual Studio Version 17
VisualStudioVersion = 17.8.34511.84
MinimumVisualStudioVersion = 10.0.40219.1
Project("{FAE04EC0-301F-11D3-BF4B-00C04F79EFBC}") = "StudentContributions", "StudentContributions\StudentContributions.csproj", "{7793BBD9-7EC2-4C24-A0D6-87245A83FF96}"
EndProject
Project("{FAE04EC0-301F-11D3-BF4B-00C04F79EFBC}") = "StudentContributions.DataAccess", "StudentContributions.DataAccess\StudentContributions.DataAccess.csproj", "{1E673E0E-5102-4C87-A21F-446D89854AA6}"
EndProject
Project("{FAE04EC0-301F-11D3-BF4B-00C04F79EFBC}") = "StudentContributions.Models", "StudentContributions.Models\StudentContributions.Models.csproj", "{CCA2F31F-188D-49F1-88DA-2F0FA291B7E0}"
EndProject
Global
	GlobalSection(SolutionConfigurationPlatforms) = preSolution
		Debug|Any CPU = Debug|Any CPU
		Release|Any CPU = Release|Any CPU
	EndGlobalSection
	GlobalSection(ProjectConfigurationPlatforms) = postSolution
		{7793BBD9-7EC2-4C24-A0D6-87245A83FF96}.Debug|Any CPU.ActiveCfg = Debug|Any CPU
		{7793BBD9-7EC2-4C24-A0D6-87245A83FF96}.Debug|Any CPU.Build.0 = Debug|Any CPU
		{7793BBD9-7EC2-4C24-A0D6-87245A83FF96}.Release|Any CPU.ActiveCfg = Release|Any CPU
		{7793BBD9-7EC2-4C24-A0D6-87245A83FF96}.Release|Any CPU.Build.0 = Release|Any CPU
		{1E673E0E-5102-4C87-A21F-446D89854AA6}.Debug|Any CPU.ActiveCfg = Debug|Any CPU
		{1E673E0E-5102-4C87-A21F-446D89854AA6}.Debug|Any CPU.Build.0 = Debug|Any CPU
		{1E673E0E-5102-4C87-A21F-446D89854AA6}.Release|Any CPU.ActiveCfg = Release|Any CPU
		{1E673E0E-5102-4C87-A21F-446D89854AA6}.Release|Any CPU.Build.0 = Release|Any CPU
		{CCA2F31F-188D-49F1-88DA-2F0FA291B7E0}.Debug|Any CPU.ActiveCfg = Debug|Any CPU
		{CCA2F31F-188D-49F1-88DA-2F0FA291B7E0}.Debug|Any CPU.Build.0 = Debug|Any CPU
		{CCA2F31F-188D-49F1-88DA-2F0FA291B7E0}.Release|Any CPU.ActiveCfg = Release|Any CPU
		{CCA2F31F-188D-49F1-88DA-2F0FA291B7E0}.Release|Any CPU.Build.0 = Release|Any CPU
	EndGlobalSection
	GlobalSection(SolutionProperties) = preSolution
		HideSolutionNode = FALSE
	EndGlobalSection
	GlobalSection(ExtensibilityGlobals) = postSolution
		SolutionGuid = {F74D02D4-731C-46E3-AD13-E8CD7C234B15}
	EndGlobalSection
EndGlobal
